
Microsoft Visual Studio Solution File, Format Version 12.00
Project("{FAE04EC0-301F-11D3-BF4B-00C04F79EFBC}") = "LiftBroApi", "LiftBroApi\LiftBroApi.csproj", "{3E6880AF-E10B-469E-BBB8-92C52E60BFE2}"
EndProject
Project("{FAE04EC0-301F-11D3-BF4B-00C04F79EFBC}") = "LiftBroAPI.Entities", "LiftBroAPI.Entities\LiftBroAPI.Entities.csproj", "{9FB1D9B3-381B-47B4-A747-F06A19D60E0C}"
EndProject
Project("{FAE04EC0-301F-11D3-BF4B-00C04F79EFBC}") = "LiftBroApi.DB", "LiftBroApi.DB\LiftBroApi.DB.csproj", "{2BF5D876-A601-48FB-9FF6-B5436DE1DFEA}"
EndProject
Global
	GlobalSection(SolutionConfigurationPlatforms) = preSolution
		Debug|Any CPU = Debug|Any CPU
		Release|Any CPU = Release|Any CPU
	EndGlobalSection
	GlobalSection(ProjectConfigurationPlatforms) = postSolution
		{3E6880AF-E10B-469E-BBB8-92C52E60BFE2}.Debug|Any CPU.ActiveCfg = Debug|Any CPU
		{3E6880AF-E10B-469E-BBB8-92C52E60BFE2}.Debug|Any CPU.Build.0 = Debug|Any CPU
		{3E6880AF-E10B-469E-BBB8-92C52E60BFE2}.Release|Any CPU.ActiveCfg = Release|Any CPU
		{3E6880AF-E10B-469E-BBB8-92C52E60BFE2}.Release|Any CPU.Build.0 = Release|Any CPU
		{9FB1D9B3-381B-47B4-A747-F06A19D60E0C}.Debug|Any CPU.ActiveCfg = Debug|Any CPU
		{9FB1D9B3-381B-47B4-A747-F06A19D60E0C}.Debug|Any CPU.Build.0 = Debug|Any CPU
		{9FB1D9B3-381B-47B4-A747-F06A19D60E0C}.Release|Any CPU.ActiveCfg = Release|Any CPU
		{9FB1D9B3-381B-47B4-A747-F06A19D60E0C}.Release|Any CPU.Build.0 = Release|Any CPU
		{2BF5D876-A601-48FB-9FF6-B5436DE1DFEA}.Debug|Any CPU.ActiveCfg = Debug|Any CPU
		{2BF5D876-A601-48FB-9FF6-B5436DE1DFEA}.Debug|Any CPU.Build.0 = Debug|Any CPU
		{2BF5D876-A601-48FB-9FF6-B5436DE1DFEA}.Release|Any CPU.ActiveCfg = Release|Any CPU
		{2BF5D876-A601-48FB-9FF6-B5436DE1DFEA}.Release|Any CPU.Build.0 = Release|Any CPU
	EndGlobalSection
EndGlobal
